
Microsoft Visual Studio Solution File, Format Version 12.00
# Visual Studio Version 17
VisualStudioVersion = 17.6.33723.286
MinimumVisualStudioVersion = 10.0.40219.1
Project("{FAE04EC0-301F-11D3-BF4B-00C04F79EFBC}") = "interfacesHW2", "interfacesHW2\interfacesHW2.csproj", "{E226D79E-0F15-4AB4-AA56-41A32D479EDB}"
EndProject
Global
	GlobalSection(SolutionConfigurationPlatforms) = preSolution
		Debug|Any CPU = Debug|Any CPU
		Release|Any CPU = Release|Any CPU
	EndGlobalSection
	GlobalSection(ProjectConfigurationPlatforms) = postSolution
		{E226D79E-0F15-4AB4-AA56-41A32D479EDB}.Debug|Any CPU.ActiveCfg = Debug|Any CPU
		{E226D79E-0F15-4AB4-AA56-41A32D479EDB}.Debug|Any CPU.Build.0 = Debug|Any CPU
		{E226D79E-0F15-4AB4-AA56-41A32D479EDB}.Release|Any CPU.ActiveCfg = Release|Any CPU
		{E226D79E-0F15-4AB4-AA56-41A32D479EDB}.Release|Any CPU.Build.0 = Release|Any CPU
	EndGlobalSection
	GlobalSection(SolutionProperties) = preSolution
		HideSolutionNode = FALSE
	EndGlobalSection
	GlobalSection(ExtensibilityGlobals) = postSolution
		SolutionGuid = {5094C62F-3992-42CC-9F31-5E9308791FDA}
	EndGlobalSection
EndGlobal
